PODS:
  - Alamofire (5.4.4)
  - Hero (1.6.1)
  - Kingfisher (7.1.2)

DEPENDENCIES:
  - Alamofire
  - Hero
  - Kingfisher

SPEC REPOS:
  trunk:
    - Alamofire
    - Hero
    - Kingfisher

SPEC CHECKSUMS:
  Alamofire: f3b09a368f1582ab751b3fff5460276e0d2cf5c9
  Hero: 215865ba3ae41dd9bb08cd6c60a645529c6fc94b
  Kingfisher: 44ed6a8504763f27bab46163adfac83f5deb240c

PODFILE CHECKSUM: 9737444f22734ad94b9e11f749445d58efcfad79

COCOAPODS: 1.11.2
