// !$*UTF8*$!
{
	archiveVersion = 1;
	classes = {
	};
	objectVersion = 55;
	objects = {

/* Begin PBXBuildFile section */
		8B2EA48628E3822600A866C9 /* RequestService.swift in Sources */ = {isa = PBXBuildFile; fileRef = 8B2EA48528E3822600A866C9 /* RequestService.swift */; };
		8B2EA48828E3829200A866C9 /* RestCountriesService.swift in Sources */ = {isa = PBXBuildFile; fileRef = 8B2EA48728E3829200A866C9 /* RestCountriesService.swift */; };
		8B2EA48A28E3832C00A866C9 /* CountryModel.swift in Sources */ = {isa = PBXBuildFile; fileRef = 8B2EA48928E3832C00A866C9 /* CountryModel.swift */; };
		8B2EA48C28E387CB00A866C9 /* CountriesViewModel.swift in Sources */ = {isa = PBXBuildFile; fileRef = 8B2EA48B28E387CB00A866C9 /* CountriesViewModel.swift */; };
		8B2EA48F28E398F600A866C9 /* LoadingView.swift in Sources */ = {isa = PBXBuildFile; fileRef = 8B2EA48E28E398F600A866C9 /* LoadingView.swift */; };
		8B31882B28E3B8EC00C80888 /* CountryTableViewCell.swift in Sources */ = {isa = PBXBuildFile; fileRef = 8B31882A28E3B8EC00C80888 /* CountryTableViewCell.swift */; };
		8B31898528E3C0BA00C80888 /* Image.swift in Sources */ = {isa = PBXBuildFile; fileRef = 8B31898428E3C0BA00C80888 /* Image.swift */; };
		8B31898828E3C58300C80888 /* CountryDetailViewController.swift in Sources */ = {isa = PBXBuildFile; fileRef = 8B31898728E3C58300C80888 /* CountryDetailViewController.swift */; };
		8B32DD2828E279B400F4D978 /* TabBarViewController.swift in Sources */ = {isa = PBXBuildFile; fileRef = 8B32DD2728E279B400F4D978 /* TabBarViewController.swift */; };
		8B32DD3228E27A3C00F4D978 /* BLEViewController.swift in Sources */ = {isa = PBXBuildFile; fileRef = 8B32DD3128E27A3C00F4D978 /* BLEViewController.swift */; };
		8B32DD3428E27A5000F4D978 /* CountriesViewController.swift in Sources */ = {isa = PBXBuildFile; fileRef = 8B32DD3328E27A5000F4D978 /* CountriesViewController.swift */; };
		8B6488D828E5F20500EC0415 /* CountryDetailModel.swift in Sources */ = {isa = PBXBuildFile; fileRef = 8B6488D728E5F20500EC0415 /* CountryDetailModel.swift */; };
		8B6488DA28E5F21B00EC0415 /* CountryDetailViewModel.swift in Sources */ = {isa = PBXBuildFile; fileRef = 8B6488D928E5F21B00EC0415 /* CountryDetailViewModel.swift */; };
		8B6488DC28E60A9000EC0415 /* Messages.swift in Sources */ = {isa = PBXBuildFile; fileRef = 8B6488DB28E60A9000EC0415 /* Messages.swift */; };
		8B6488DE28E611D800EC0415 /* BLEViewModel.swift in Sources */ = {isa = PBXBuildFile; fileRef = 8B6488DD28E611D800EC0415 /* BLEViewModel.swift */; };
		8B7AC6C228E271A7001BA1CF /* AppDelegate.swift in Sources */ = {isa = PBXBuildFile; fileRef = 8B7AC6C128E271A7001BA1CF /* AppDelegate.swift */; };
		8B7AC6C428E271A7001BA1CF /* SceneDelegate.swift in Sources */ = {isa = PBXBuildFile; fileRef = 8B7AC6C328E271A7001BA1CF /* SceneDelegate.swift */; };
		8B7AC6C928E271A7001BA1CF /* Main.storyboard in Resources */ = {isa = PBXBuildFile; fileRef = 8B7AC6C728E271A7001BA1CF /* Main.storyboard */; };
		8B7AC6CC28E271A7001BA1CF /* Bridgefy.xcdatamodeld in Sources */ = {isa = PBXBuildFile; fileRef = 8B7AC6CA28E271A7001BA1CF /* Bridgefy.xcdatamodeld */; };
		8B7AC6CE28E271A8001BA1CF /* Assets.xcassets in Resources */ = {isa = PBXBuildFile; fileRef = 8B7AC6CD28E271A8001BA1CF /* Assets.xcassets */; };
		8B7AC6D128E271A8001BA1CF /* LaunchScreen.storyboard in Resources */ = {isa = PBXBuildFile; fileRef = 8B7AC6CF28E271A8001BA1CF /* LaunchScreen.storyboard */; };
		8B7AC6E028E27213001BA1CF /* UserModel.swift in Sources */ = {isa = PBXBuildFile; fileRef = 8B7AC6DD28E27213001BA1CF /* UserModel.swift */; };
		8B7AC6E128E27213001BA1CF /* LoginViewController.swift in Sources */ = {isa = PBXBuildFile; fileRef = 8B7AC6DF28E27213001BA1CF /* LoginViewController.swift */; };
		8B7AC6E328E2723B001BA1CF /* Colors.xcassets in Resources */ = {isa = PBXBuildFile; fileRef = 8B7AC6E228E2723B001BA1CF /* Colors.xcassets */; };
		8B7AC6E528E2724C001BA1CF /* Colors.swift in Sources */ = {isa = PBXBuildFile; fileRef = 8B7AC6E428E2724C001BA1CF /* Colors.swift */; };
		8BD7A46B28E501F20032E33D /* FlagCollectionViewCell.swift in Sources */ = {isa = PBXBuildFile; fileRef = 8BD7A46A28E501F20032E33D /* FlagCollectionViewCell.swift */; };
		8BD7A46D28E502740032E33D /* UIViewController+extension.swift in Sources */ = {isa = PBXBuildFile; fileRef = 8BD7A46C28E502740032E33D /* UIViewController+extension.swift */; };
		8BD7A47028E561DF0032E33D /* DataManager.swift in Sources */ = {isa = PBXBuildFile; fileRef = 8BD7A46F28E561DF0032E33D /* DataManager.swift */; };
		8BFD2C3E28E4CDB300EDDF18 /* UIView+Extension.swift in Sources */ = {isa = PBXBuildFile; fileRef = 8BFD2C3D28E4CDB300EDDF18 /* UIView+Extension.swift */; };
		8BFD2C5828E4E5DE00EDDF18 /* UIImageView+extension.swift in Sources */ = {isa = PBXBuildFile; fileRef = 8BFD2C5728E4E5DE00EDDF18 /* UIImageView+extension.swift */; };
		A976C5B80B21F4A0E55B0E7F /* Pods_Bridgefy.framework in Frameworks */ = {isa = PBXBuildFile; fileRef = 3BBDE433FC631BAC15E6552A /* Pods_Bridgefy.framework */; };
/* End PBXBuildFile section */

/* Begin PBXFileReference section */
		013EB35B0DA1940D5EC4D43B /* Pods-Bridgefy.debug.xcconfig */ = {isa = PBXFileReference; includeInIndex = 1; lastKnownFileType = text.xcconfig; name = "Pods-Bridgefy.debug.xcconfig"; path = "Target Support Files/Pods-Bridgefy/Pods-Bridgefy.debug.xcconfig"; sourceTree = "<group>"; };
		3BBDE433FC631BAC15E6552A /* Pods_Bridgefy.framework */ = {isa = PBXFileReference; explicitFileType = wrapper.framework; includeInIndex = 0; path = Pods_Bridgefy.framework; sourceTree = BUILT_PRODUCTS_DIR; };
		3C1955C3E075C58038F56BCD /* Pods-Bridgefy.release.xcconfig */ = {isa = PBXFileReference; includeInIndex = 1; lastKnownFileType = text.xcconfig; name = "Pods-Bridgefy.release.xcconfig"; path = "Target Support Files/Pods-Bridgefy/Pods-Bridgefy.release.xcconfig"; sourceTree = "<group>"; };
		8B2EA48528E3822600A866C9 /* RequestService.swift */ = {isa = PBXFileReference; lastKnownFileType = sourcecode.swift; path = RequestService.swift; sourceTree = "<group>"; };
		8B2EA48728E3829200A866C9 /* RestCountriesService.swift */ = {isa = PBXFileReference; lastKnownFileType = sourcecode.swift; path = RestCountriesService.swift; sourceTree = "<group>"; };
		8B2EA48928E3832C00A866C9 /* CountryModel.swift */ = {isa = PBXFileReference; lastKnownFileType = sourcecode.swift; path = CountryModel.swift; sourceTree = "<group>"; };
		8B2EA48B28E387CB00A866C9 /* CountriesViewModel.swift */ = {isa = PBXFileReference; lastKnownFileType = sourcecode.swift; path = CountriesViewModel.swift; sourceTree = "<group>"; };
		8B2EA48E28E398F600A866C9 /* LoadingView.swift */ = {isa = PBXFileReference; lastKnownFileType = sourcecode.swift; path = LoadingView.swift; sourceTree = "<group>"; };
		8B31882A28E3B8EC00C80888 /* CountryTableViewCell.swift */ = {isa = PBXFileReference; lastKnownFileType = sourcecode.swift; path = CountryTableViewCell.swift; sourceTree = "<group>"; };
		8B31898428E3C0BA00C80888 /* Image.swift */ = {isa = PBXFileReference; lastKnownFileType = sourcecode.swift; path = Image.swift; sourceTree = "<group>"; };
		8B31898728E3C58300C80888 /* CountryDetailViewController.swift */ = {isa = PBXFileReference; lastKnownFileType = sourcecode.swift; path = CountryDetailViewController.swift; sourceTree = "<group>"; };
		8B32DD2728E279B400F4D978 /* TabBarViewController.swift */ = {isa = PBXFileReference; lastKnownFileType = sourcecode.swift; path = TabBarViewController.swift; sourceTree = "<group>"; };
		8B32DD3128E27A3C00F4D978 /* BLEViewController.swift */ = {isa = PBXFileReference; lastKnownFileType = sourcecode.swift; path = BLEViewController.swift; sourceTree = "<group>"; };
		8B32DD3328E27A5000F4D978 /* CountriesViewController.swift */ = {isa = PBXFileReference; lastKnownFileType = sourcecode.swift; path = CountriesViewController.swift; sourceTree = "<group>"; };
		8B6488D728E5F20500EC0415 /* CountryDetailModel.swift */ = {isa = PBXFileReference; lastKnownFileType = sourcecode.swift; path = CountryDetailModel.swift; sourceTree = "<group>"; };
		8B6488D928E5F21B00EC0415 /* CountryDetailViewModel.swift */ = {isa = PBXFileReference; lastKnownFileType = sourcecode.swift; path = CountryDetailViewModel.swift; sourceTree = "<group>"; };
		8B6488DB28E60A9000EC0415 /* Messages.swift */ = {isa = PBXFileReference; lastKnownFileType = sourcecode.swift; path = Messages.swift; sourceTree = "<group>"; };
		8B6488DD28E611D800EC0415 /* BLEViewModel.swift */ = {isa = PBXFileReference; lastKnownFileType = sourcecode.swift; path = BLEViewModel.swift; sourceTree = "<group>"; };
		8B7AC6BE28E271A7001BA1CF /* Bridgefy.app */ = {isa = PBXFileReference; explicitFileType = wrapper.application; includeInIndex = 0; path = Bridgefy.app; sourceTree = BUILT_PRODUCTS_DIR; };
		8B7AC6C128E271A7001BA1CF /* AppDelegate.swift */ = {isa = PBXFileReference; lastKnownFileType = sourcecode.swift; path = AppDelegate.swift; sourceTree = "<group>"; };
		8B7AC6C328E271A7001BA1CF /* SceneDelegate.swift */ = {isa = PBXFileReference; lastKnownFileType = sourcecode.swift; path = SceneDelegate.swift; sourceTree = "<group>"; };
		8B7AC6C828E271A7001BA1CF /* Base */ = {isa = PBXFileReference; lastKnownFileType = file.storyboard; name = Base; path = Base.lproj/Main.storyboard; sourceTree = "<group>"; };
		8B7AC6CB28E271A7001BA1CF /* Bridgefy.xcdatamodel */ = {isa = PBXFileReference; lastKnownFileType = wrapper.xcdatamodel; path = Bridgefy.xcdatamodel; sourceTree = "<group>"; };
		8B7AC6CD28E271A8001BA1CF /* Assets.xcassets */ = {isa = PBXFileReference; lastKnownFileType = folder.assetcatalog; path = Assets.xcassets; sourceTree = "<group>"; };
		8B7AC6D028E271A8001BA1CF /* Base */ = {isa = PBXFileReference; lastKnownFileType = file.storyboard; name = Base; path = Base.lproj/LaunchScreen.storyboard; sourceTree = "<group>"; };
		8B7AC6D228E271A8001BA1CF /* Info.plist */ = {isa = PBXFileReference; lastKnownFileType = text.plist.xml; path = Info.plist; sourceTree = "<group>"; };
		8B7AC6DD28E27213001BA1CF /* UserModel.swift */ = {isa = PBXFileReference; fileEncoding = 4; lastKnownFileType = sourcecode.swift; path = UserModel.swift; sourceTree = "<group>"; };
		8B7AC6DF28E27213001BA1CF /* LoginViewController.swift */ = {isa = PBXFileReference; fileEncoding = 4; lastKnownFileType = sourcecode.swift; path = LoginViewController.swift; sourceTree = "<group>"; };
		8B7AC6E228E2723B001BA1CF /* Colors.xcassets */ = {isa = PBXFileReference; lastKnownFileType = folder.assetcatalog; path = Colors.xcassets; sourceTree = "<group>"; };
		8B7AC6E428E2724C001BA1CF /* Colors.swift */ = {isa = PBXFileReference; fileEncoding = 4; lastKnownFileType = sourcecode.swift; path = Colors.swift; sourceTree = "<group>"; };
		8BD7A46A28E501F20032E33D /* FlagCollectionViewCell.swift */ = {isa = PBXFileReference; lastKnownFileType = sourcecode.swift; path = FlagCollectionViewCell.swift; sourceTree = "<group>"; };
		8BD7A46C28E502740032E33D /* UIViewController+extension.swift */ = {isa = PBXFileReference; lastKnownFileType = sourcecode.swift; path = "UIViewController+extension.swift"; sourceTree = "<group>"; };
		8BD7A46F28E561DF0032E33D /* DataManager.swift */ = {isa = PBXFileReference; lastKnownFileType = sourcecode.swift; path = DataManager.swift; sourceTree = "<group>"; };
		8BFD2C3D28E4CDB300EDDF18 /* UIView+Extension.swift */ = {isa = PBXFileReference; lastKnownFileType = sourcecode.swift; path = "UIView+Extension.swift"; sourceTree = "<group>"; };
		8BFD2C5728E4E5DE00EDDF18 /* UIImageView+extension.swift */ = {isa = PBXFileReference; lastKnownFileType = sourcecode.swift; path = "UIImageView+extension.swift"; sourceTree = "<group>"; };
/* End PBXFileReference section */

/* Begin PBXFrameworksBuildPhase section */
		8B7AC6BB28E271A7001BA1CF /* Frameworks */ = {
			isa = PBXFrameworksBuildPhase;
			buildActionMask = 2147483647;
			files = (
				A976C5B80B21F4A0E55B0E7F /* Pods_Bridgefy.framework in Frameworks */,
			);
			runOnlyForDeploymentPostprocessing = 0;
		};
/* End PBXFrameworksBuildPhase section */

/* Begin PBXGroup section */
		7EB4F257B0BD2DDADBE67CD4 /* Pods */ = {
			isa = PBXGroup;
			children = (
				013EB35B0DA1940D5EC4D43B /* Pods-Bridgefy.debug.xcconfig */,
				3C1955C3E075C58038F56BCD /* Pods-Bridgefy.release.xcconfig */,
			);
			path = Pods;
			sourceTree = "<group>";
		};
		8B2EA48428E3815C00A866C9 /* Connection */ = {
			isa = PBXGroup;
			children = (
				8B2EA48528E3822600A866C9 /* RequestService.swift */,
				8B2EA48728E3829200A866C9 /* RestCountriesService.swift */,
			);
			path = Connection;
			sourceTree = "<group>";
		};
		8B2EA48D28E398DC00A866C9 /* Loading View */ = {
			isa = PBXGroup;
			children = (
				8B2EA48E28E398F600A866C9 /* LoadingView.swift */,
			);
			path = "Loading View";
			sourceTree = "<group>";
		};
		8B31882C28E3C02E00C80888 /* Assets */ = {
			isa = PBXGroup;
			children = (
				8B31882D28E3C05400C80888 /* Base */,
				8B7AC6CD28E271A8001BA1CF /* Assets.xcassets */,
				8B7AC6E228E2723B001BA1CF /* Colors.xcassets */,
			);
			path = Assets;
			sourceTree = "<group>";
		};
		8B31882D28E3C05400C80888 /* Base */ = {
			isa = PBXGroup;
			children = (
				8B7AC6C728E271A7001BA1CF /* Main.storyboard */,
				8B7AC6CF28E271A8001BA1CF /* LaunchScreen.storyboard */,
			);
			path = Base;
			sourceTree = "<group>";
		};
		8B31898628E3C56400C80888 /* Country detail */ = {
			isa = PBXGroup;
			children = (
				8B6488D628E5F1F700EC0415 /* Model */,
				8B6488D528E5F1B000EC0415 /* ViewModel */,
				8B31898928E4ADEF00C80888 /* View */,
			);
			path = "Country detail";
			sourceTree = "<group>";
		};
		8B31898928E4ADEF00C80888 /* View */ = {
			isa = PBXGroup;
			children = (
				8B31898728E3C58300C80888 /* CountryDetailViewController.swift */,
				8BD7A46A28E501F20032E33D /* FlagCollectionViewCell.swift */,
			);
			path = View;
			sourceTree = "<group>";
		};
		8B32DD2628E2799200F4D978 /* Tab bar */ = {
			isa = PBXGroup;
			children = (
				8B32DD2A28E279E800F4D978 /* BLE */,
				8B32DD2928E279DE00F4D978 /* Countries */,
				8B32DD2728E279B400F4D978 /* TabBarViewController.swift */,
			);
			path = "Tab bar";
			sourceTree = "<group>";
		};
		8B32DD2928E279DE00F4D978 /* Countries */ = {
			isa = PBXGroup;
			children = (
				8B31898628E3C56400C80888 /* Country detail */,
				8B32DD2D28E279FF00F4D978 /* ViewModel */,
				8B32DD2C28E279F500F4D978 /* Model */,
				8B32DD2B28E279F000F4D978 /* View */,
			);
			path = Countries;
			sourceTree = "<group>";
		};
		8B32DD2A28E279E800F4D978 /* BLE */ = {
			isa = PBXGroup;
			children = (
				8B32DD3028E27A1800F4D978 /* ViewModel */,
				8B32DD2F28E27A1600F4D978 /* Model */,
				8B32DD2E28E27A1400F4D978 /* View */,
			);
			path = BLE;
			sourceTree = "<group>";
		};
		8B32DD2B28E279F000F4D978 /* View */ = {
			isa = PBXGroup;
			children = (
				8B32DD3328E27A5000F4D978 /* CountriesViewController.swift */,
				8B31882A28E3B8EC00C80888 /* CountryTableViewCell.swift */,
			);
			path = View;
			sourceTree = "<group>";
		};
		8B32DD2C28E279F500F4D978 /* Model */ = {
			isa = PBXGroup;
			children = (
				8B2EA48928E3832C00A866C9 /* CountryModel.swift */,
			);
			path = Model;
			sourceTree = "<group>";
		};
		8B32DD2D28E279FF00F4D978 /* ViewModel */ = {
			isa = PBXGroup;
			children = (
				8B2EA48B28E387CB00A866C9 /* CountriesViewModel.swift */,
			);
			path = ViewModel;
			sourceTree = "<group>";
		};
		8B32DD2E28E27A1400F4D978 /* View */ = {
			isa = PBXGroup;
			children = (
				8B32DD3128E27A3C00F4D978 /* BLEViewController.swift */,
			);
			path = View;
			sourceTree = "<group>";
		};
		8B32DD2F28E27A1600F4D978 /* Model */ = {
			isa = PBXGroup;
			children = (
			);
			path = Model;
			sourceTree = "<group>";
		};
		8B32DD3028E27A1800F4D978 /* ViewModel */ = {
			isa = PBXGroup;
			children = (
				8B6488DD28E611D800EC0415 /* BLEViewModel.swift */,
			);
			path = ViewModel;
			sourceTree = "<group>";
		};
		8B6488D528E5F1B000EC0415 /* ViewModel */ = {
			isa = PBXGroup;
			children = (
				8B6488D928E5F21B00EC0415 /* CountryDetailViewModel.swift */,
			);
			path = ViewModel;
			sourceTree = "<group>";
		};
		8B6488D628E5F1F700EC0415 /* Model */ = {
			isa = PBXGroup;
			children = (
				8B6488D728E5F20500EC0415 /* CountryDetailModel.swift */,
			);
			path = Model;
			sourceTree = "<group>";
		};
		8B7AC6B528E271A7001BA1CF = {
			isa = PBXGroup;
			children = (
				8B7AC6C028E271A7001BA1CF /* Bridgefy */,
				8B7AC6BF28E271A7001BA1CF /* Products */,
				7EB4F257B0BD2DDADBE67CD4 /* Pods */,
				924814086A1CD266B5ECE0B8 /* Frameworks */,
			);
			sourceTree = "<group>";
		};
		8B7AC6BF28E271A7001BA1CF /* Products */ = {
			isa = PBXGroup;
			children = (
				8B7AC6BE28E271A7001BA1CF /* Bridgefy.app */,
			);
			name = Products;
			sourceTree = "<group>";
		};
		8B7AC6C028E271A7001BA1CF /* Bridgefy */ = {
			isa = PBXGroup;
			children = (
				8BD7A46E28E561CB0032E33D /* Data manager */,
				8BFD2C5628E4E5CE00EDDF18 /* Utils */,
				8B31882C28E3C02E00C80888 /* Assets */,
				8B2EA48428E3815C00A866C9 /* Connection */,
				8B7AC6D828E27213001BA1CF /* Modules */,
				8B7AC6C128E271A7001BA1CF /* AppDelegate.swift */,
				8B7AC6C328E271A7001BA1CF /* SceneDelegate.swift */,
				8B7AC6D228E271A8001BA1CF /* Info.plist */,
				8B7AC6CA28E271A7001BA1CF /* Bridgefy.xcdatamodeld */,
			);
			path = Bridgefy;
			sourceTree = "<group>";
		};
		8B7AC6D828E27213001BA1CF /* Modules */ = {
			isa = PBXGroup;
			children = (
				8B2EA48D28E398DC00A866C9 /* Loading View */,
				8B32DD2628E2799200F4D978 /* Tab bar */,
				8B7AC6D928E27213001BA1CF /* Security */,
			);
			path = Modules;
			sourceTree = "<group>";
		};
		8B7AC6D928E27213001BA1CF /* Security */ = {
			isa = PBXGroup;
			children = (
				8B7AC6DA28E27213001BA1CF /* Login */,
			);
			path = Security;
			sourceTree = "<group>";
		};
		8B7AC6DA28E27213001BA1CF /* Login */ = {
			isa = PBXGroup;
			children = (
				8B7AC6DB28E27213001BA1CF /* ViewModel */,
				8B7AC6DC28E27213001BA1CF /* Model */,
				8B7AC6DE28E27213001BA1CF /* View */,
			);
			path = Login;
			sourceTree = "<group>";
		};
		8B7AC6DB28E27213001BA1CF /* ViewModel */ = {
			isa = PBXGroup;
			children = (
			);
			path = ViewModel;
			sourceTree = "<group>";
		};
		8B7AC6DC28E27213001BA1CF /* Model */ = {
			isa = PBXGroup;
			children = (
				8B7AC6DD28E27213001BA1CF /* UserModel.swift */,
			);
			path = Model;
			sourceTree = "<group>";
		};
		8B7AC6DE28E27213001BA1CF /* View */ = {
			isa = PBXGroup;
			children = (
				8B7AC6DF28E27213001BA1CF /* LoginViewController.swift */,
			);
			path = View;
			sourceTree = "<group>";
		};
		8BD7A46E28E561CB0032E33D /* Data manager */ = {
			isa = PBXGroup;
			children = (
				8BD7A46F28E561DF0032E33D /* DataManager.swift */,
			);
			path = "Data manager";
			sourceTree = "<group>";
		};
		8BFD2C5628E4E5CE00EDDF18 /* Utils */ = {
			isa = PBXGroup;
			children = (
				8B7AC6E428E2724C001BA1CF /* Colors.swift */,
				8B31898428E3C0BA00C80888 /* Image.swift */,
				8BFD2C3D28E4CDB300EDDF18 /* UIView+Extension.swift */,
				8BFD2C5728E4E5DE00EDDF18 /* UIImageView+extension.swift */,
				8BD7A46C28E502740032E33D /* UIViewController+extension.swift */,
				8B6488DB28E60A9000EC0415 /* Messages.swift */,
			);
			path = Utils;
			sourceTree = "<group>";
		};
		924814086A1CD266B5ECE0B8 /* Frameworks */ = {
			isa = PBXGroup;
			children = (
				3BBDE433FC631BAC15E6552A /* Pods_Bridgefy.framework */,
			);
			name = Frameworks;
			sourceTree = "<group>";
		};
/* End PBXGroup section */

/* Begin PBXNativeTarget section */
		8B7AC6BD28E271A7001BA1CF /* Bridgefy */ = {
			isa = PBXNativeTarget;
			buildConfigurationList = 8B7AC6D528E271A8001BA1CF /* Build configuration list for PBXNativeTarget "Bridgefy" */;
			buildPhases = (
				7D2514BD51DC7112FB80E6A6 /* [CP] Check Pods Manifest.lock */,
				8B7AC6BA28E271A7001BA1CF /* Sources */,
				8B7AC6BB28E271A7001BA1CF /* Frameworks */,
				8B7AC6BC28E271A7001BA1CF /* Resources */,
				BC08B660FEF4BE0254D7AE28 /* [CP] Embed Pods Frameworks */,
			);
			buildRules = (
			);
			dependencies = (
			);
			name = Bridgefy;
			productName = Bridgefy;
			productReference = 8B7AC6BE28E271A7001BA1CF /* Bridgefy.app */;
			productType = "com.apple.product-type.application";
		};
/* End PBXNativeTarget section */

/* Begin PBXProject section */
		8B7AC6B628E271A7001BA1CF /* Project object */ = {
			isa = PBXProject;
			attributes = {
				BuildIndependentTargetsInParallel = 1;
				LastSwiftUpdateCheck = 1340;
				LastUpgradeCheck = 1340;
				TargetAttributes = {
					8B7AC6BD28E271A7001BA1CF = {
						CreatedOnToolsVersion = 13.4.1;
					};
				};
			};
			buildConfigurationList = 8B7AC6B928E271A7001BA1CF /* Build configuration list for PBXProject "Bridgefy" */;
			compatibilityVersion = "Xcode 13.0";
			developmentRegion = en;
			hasScannedForEncodings = 0;
			knownRegions = (
				en,
				Base,
			);
			mainGroup = 8B7AC6B528E271A7001BA1CF;
			productRefGroup = 8B7AC6BF28E271A7001BA1CF /* Products */;
			projectDirPath = "";
			projectRoot = "";
			targets = (
				8B7AC6BD28E271A7001BA1CF /* Bridgefy */,
			);
		};
/* End PBXProject section */

/* Begin PBXResourcesBuildPhase section */
		8B7AC6BC28E271A7001BA1CF /* Resources */ = {
			isa = PBXResourcesBuildPhase;
			buildActionMask = 2147483647;
			files = (
				8B7AC6D128E271A8001BA1CF /* LaunchScreen.storyboard in Resources */,
				8B7AC6E328E2723B001BA1CF /* Colors.xcassets in Resources */,
				8B7AC6CE28E271A8001BA1CF /* Assets.xcassets in Resources */,
				8B7AC6C928E271A7001BA1CF /* Main.storyboard in Resources */,
			);
			runOnlyForDeploymentPostprocessing = 0;
		};
/* End PBXResourcesBuildPhase section */

/* Begin PBXShellScriptBuildPhase section */
		7D2514BD51DC7112FB80E6A6 /* [CP] Check Pods Manifest.lock */ = {
			isa = PBXShellScriptBuildPhase;
			buildActionMask = 2147483647;
			files = (
			);
			inputFileListPaths = (
			);
			inputPaths = (
				"${PODS_PODFILE_DIR_PATH}/Podfile.lock",
				"${PODS_ROOT}/Manifest.lock",
			);
			name = "[CP] Check Pods Manifest.lock";
			outputFileListPaths = (
			);
			outputPaths = (
				"$(DERIVED_FILE_DIR)/Pods-Bridgefy-checkManifestLockResult.txt",
			);
			runOnlyForDeploymentPostprocessing = 0;
			shellPath = /bin/sh;
			shellScript = "diff \"${PODS_PODFILE_DIR_PATH}/Podfile.lock\" \"${PODS_ROOT}/Manifest.lock\" > /dev/null\nif [ $? != 0 ] ; then\n    # print error to STDERR\n    echo \"error: The sandbox is not in sync with the Podfile.lock. Run 'pod install' or update your CocoaPods installation.\" >&2\n    exit 1\nfi\n# This output is used by Xcode 'outputs' to avoid re-running this script phase.\necho \"SUCCESS\" > \"${SCRIPT_OUTPUT_FILE_0}\"\n";
			showEnvVarsInLog = 0;
		};
		BC08B660FEF4BE0254D7AE28 /* [CP] Embed Pods Frameworks */ = {
			isa = PBXShellScriptBuildPhase;
			buildActionMask = 2147483647;
			files = (
			);
			inputFileListPaths = (
				"${PODS_ROOT}/Target Support Files/Pods-Bridgefy/Pods-Bridgefy-frameworks-${CONFIGURATION}-input-files.xcfilelist",
			);
			name = "[CP] Embed Pods Frameworks";
			outputFileListPaths = (
				"${PODS_ROOT}/Target Support Files/Pods-Bridgefy/Pods-Bridgefy-frameworks-${CONFIGURATION}-output-files.xcfilelist",
			);
			runOnlyForDeploymentPostprocessing = 0;
			shellPath = /bin/sh;
			shellScript = "\"${PODS_ROOT}/Target Support Files/Pods-Bridgefy/Pods-Bridgefy-frameworks.sh\"\n";
			showEnvVarsInLog = 0;
		};
/* End PBXShellScriptBuildPhase section */

/* Begin PBXSourcesBuildPhase section */
		8B7AC6BA28E271A7001BA1CF /* Sources */ = {
			isa = PBXSourcesBuildPhase;
			buildActionMask = 2147483647;
			files = (
				8BD7A46B28E501F20032E33D /* FlagCollectionViewCell.swift in Sources */,
				8B32DD2828E279B400F4D978 /* TabBarViewController.swift in Sources */,
				8BD7A46D28E502740032E33D /* UIViewController+extension.swift in Sources */,
				8B31898828E3C58300C80888 /* CountryDetailViewController.swift in Sources */,
				8B7AC6E128E27213001BA1CF /* LoginViewController.swift in Sources */,
				8B2EA48628E3822600A866C9 /* RequestService.swift in Sources */,
				8B6488D828E5F20500EC0415 /* CountryDetailModel.swift in Sources */,
				8B6488DC28E60A9000EC0415 /* Messages.swift in Sources */,
				8B32DD3428E27A5000F4D978 /* CountriesViewController.swift in Sources */,
				8B7AC6CC28E271A7001BA1CF /* Bridgefy.xcdatamodeld in Sources */,
				8B7AC6E528E2724C001BA1CF /* Colors.swift in Sources */,
				8B7AC6C228E271A7001BA1CF /* AppDelegate.swift in Sources */,
				8BFD2C3E28E4CDB300EDDF18 /* UIView+Extension.swift in Sources */,
				8B2EA48F28E398F600A866C9 /* LoadingView.swift in Sources */,
				8B2EA48828E3829200A866C9 /* RestCountriesService.swift in Sources */,
				8B31898528E3C0BA00C80888 /* Image.swift in Sources */,
				8B2EA48C28E387CB00A866C9 /* CountriesViewModel.swift in Sources */,
				8B32DD3228E27A3C00F4D978 /* BLEViewController.swift in Sources */,
				8B31882B28E3B8EC00C80888 /* CountryTableViewCell.swift in Sources */,
				8B2EA48A28E3832C00A866C9 /* CountryModel.swift in Sources */,
				8B6488DA28E5F21B00EC0415 /* CountryDetailViewModel.swift in Sources */,
				8B7AC6E028E27213001BA1CF /* UserModel.swift in Sources */,
				8B6488DE28E611D800EC0415 /* BLEViewModel.swift in Sources */,
				8BD7A47028E561DF0032E33D /* DataManager.swift in Sources */,
				8BFD2C5828E4E5DE00EDDF18 /* UIImageView+extension.swift in Sources */,
				8B7AC6C428E271A7001BA1CF /* SceneDelegate.swift in Sources */,
			);
			runOnlyForDeploymentPostprocessing = 0;
		};
/* End PBXSourcesBuildPhase section */

/* Begin PBXVariantGroup section */
		8B7AC6C728E271A7001BA1CF /* Main.storyboard */ = {
			isa = PBXVariantGroup;
			children = (
				8B7AC6C828E271A7001BA1CF /* Base */,
			);
			name = Main.storyboard;
			sourceTree = "<group>";
		};
		8B7AC6CF28E271A8001BA1CF /* LaunchScreen.storyboard */ = {
			isa = PBXVariantGroup;
			children = (
				8B7AC6D028E271A8001BA1CF /* Base */,
			);
			name = LaunchScreen.storyboard;
			sourceTree = "<group>";
		};
/* End PBXVariantGroup section */

/* Begin XCBuildConfiguration section */
		8B7AC6D328E271A8001BA1CF /* Debug */ = {
			isa = XCBuildConfiguration;
			buildSettings = {
				ALWAYS_SEARCH_USER_PATHS = NO;
				CLANG_ANALYZER_NONNULL = YES;
				CLANG_ANALYZER_NUMBER_OBJECT_CONVERSION = YES_AGGRESSIVE;
				CLANG_CXX_LANGUAGE_STANDARD = "gnu++17";
				CLANG_ENABLE_MODULES = YES;
				CLANG_ENABLE_OBJC_ARC = YES;
				CLANG_ENABLE_OBJC_WEAK = YES;
				CLANG_WARN_BLOCK_CAPTURE_AUTORELEASING = YES;
				CLANG_WARN_BOOL_CONVERSION = YES;
				CLANG_WARN_COMMA = YES;
				CLANG_WARN_CONSTANT_CONVERSION = YES;
				CLANG_WARN_DEPRECATED_OBJC_IMPLEMENTATIONS = YES;
				CLANG_WARN_DIRECT_OBJC_ISA_USAGE = YES_ERROR;
				CLANG_WARN_DOCUMENTATION_COMMENTS = YES;
				CLANG_WARN_EMPTY_BODY = YES;
				CLANG_WARN_ENUM_CONVERSION = YES;
				CLANG_WARN_INFINITE_RECURSION = YES;
				CLANG_WARN_INT_CONVERSION = YES;
				CLANG_WARN_NON_LITERAL_NULL_CONVERSION = YES;
				CLANG_WARN_OBJC_IMPLICIT_RETAIN_SELF = YES;
				CLANG_WARN_OBJC_LITERAL_CONVERSION = YES;
				CLANG_WARN_OBJC_ROOT_CLASS = YES_ERROR;
				CLANG_WARN_QUOTED_INCLUDE_IN_FRAMEWORK_HEADER = YES;
				CLANG_WARN_RANGE_LOOP_ANALYSIS = YES;
				CLANG_WARN_STRICT_PROTOTYPES = YES;
				CLANG_WARN_SUSPICIOUS_MOVE = YES;
				CLANG_WARN_UNGUARDED_AVAILABILITY = YES_AGGRESSIVE;
				CLANG_WARN_UNREACHABLE_CODE = YES;
				CLANG_WARN__DUPLICATE_METHOD_MATCH = YES;
				COPY_PHASE_STRIP = NO;
				DEBUG_INFORMATION_FORMAT = dwarf;
				ENABLE_STRICT_OBJC_MSGSEND = YES;
				ENABLE_TESTABILITY = YES;
				GCC_C_LANGUAGE_STANDARD = gnu11;
				GCC_DYNAMIC_NO_PIC = NO;
				GCC_NO_COMMON_BLOCKS = YES;
				GCC_OPTIMIZATION_LEVEL = 0;
				GCC_PREPROCESSOR_DEFINITIONS = (
					"DEBUG=1",
					"$(inherited)",
				);
				GCC_WARN_64_TO_32_BIT_CONVERSION = YES;
				GCC_WARN_ABOUT_RETURN_TYPE = YES_ERROR;
				GCC_WARN_UNDECLARED_SELECTOR = YES;
				GCC_WARN_UNINITIALIZED_AUTOS = YES_AGGRESSIVE;
				GCC_WARN_UNUSED_FUNCTION = YES;
				GCC_WARN_UNUSED_VARIABLE = YES;
				IPHONEOS_DEPLOYMENT_TARGET = 15.5;
				MTL_ENABLE_DEBUG_INFO = INCLUDE_SOURCE;
				MTL_FAST_MATH = YES;
				ONLY_ACTIVE_ARCH = YES;
				SDKROOT = iphoneos;
				SWIFT_ACTIVE_COMPILATION_CONDITIONS = DEBUG;
				SWIFT_OPTIMIZATION_LEVEL = "-Onone";
			};
			name = Debug;
		};
		8B7AC6D428E271A8001BA1CF /* Release */ = {
			isa = XCBuildConfiguration;
			buildSettings = {
				ALWAYS_SEARCH_USER_PATHS = NO;
				CLANG_ANALYZER_NONNULL = YES;
				CLANG_ANALYZER_NUMBER_OBJECT_CONVERSION = YES_AGGRESSIVE;
				CLANG_CXX_LANGUAGE_STANDARD = "gnu++17";
				CLANG_ENABLE_MODULES = YES;
				CLANG_ENABLE_OBJC_ARC = YES;
				CLANG_ENABLE_OBJC_WEAK = YES;
				CLANG_WARN_BLOCK_CAPTURE_AUTORELEASING = YES;
				CLANG_WARN_BOOL_CONVERSION = YES;
				CLANG_WARN_COMMA = YES;
				CLANG_WARN_CONSTANT_CONVERSION = YES;
				CLANG_WARN_DEPRECATED_OBJC_IMPLEMENTATIONS = YES;
				CLANG_WARN_DIRECT_OBJC_ISA_USAGE = YES_ERROR;
				CLANG_WARN_DOCUMENTATION_COMMENTS = YES;
				CLANG_WARN_EMPTY_BODY = YES;
				CLANG_WARN_ENUM_CONVERSION = YES;
				CLANG_WARN_INFINITE_RECURSION = YES;
				CLANG_WARN_INT_CONVERSION = YES;
				CLANG_WARN_NON_LITERAL_NULL_CONVERSION = YES;
				CLANG_WARN_OBJC_IMPLICIT_RETAIN_SELF = YES;
				CLANG_WARN_OBJC_LITERAL_CONVERSION = YES;
				CLANG_WARN_OBJC_ROOT_CLASS = YES_ERROR;
				CLANG_WARN_QUOTED_INCLUDE_IN_FRAMEWORK_HEADER = YES;
				CLANG_WARN_RANGE_LOOP_ANALYSIS = YES;
				CLANG_WARN_STRICT_PROTOTYPES = YES;
				CLANG_WARN_SUSPICIOUS_MOVE = YES;
				CLANG_WARN_UNGUARDED_AVAILABILITY = YES_AGGRESSIVE;
				CLANG_WARN_UNREACHABLE_CODE = YES;
				CLANG_WARN__DUPLICATE_METHOD_MATCH = YES;
				COPY_PHASE_STRIP = NO;
				DEBUG_INFORMATION_FORMAT = "dwarf-with-dsym";
				ENABLE_NS_ASSERTIONS = NO;
				ENABLE_STRICT_OBJC_MSGSEND = YES;
				GCC_C_LANGUAGE_STANDARD = gnu11;
				GCC_NO_COMMON_BLOCKS = YES;
				GCC_WARN_64_TO_32_BIT_CONVERSION = YES;
				GCC_WARN_ABOUT_RETURN_TYPE = YES_ERROR;
				GCC_WARN_UNDECLARED_SELECTOR = YES;
				GCC_WARN_UNINITIALIZED_AUTOS = YES_AGGRESSIVE;
				GCC_WARN_UNUSED_FUNCTION = YES;
				GCC_WARN_UNUSED_VARIABLE = YES;
				IPHONEOS_DEPLOYMENT_TARGET = 15.5;
				MTL_ENABLE_DEBUG_INFO = NO;
				MTL_FAST_MATH = YES;
				SDKROOT = iphoneos;
				SWIFT_COMPILATION_MODE = wholemodule;
				SWIFT_OPTIMIZATION_LEVEL = "-O";
				VALIDATE_PRODUCT = YES;
			};
			name = Release;
		};
		8B7AC6D628E271A8001BA1CF /* Debug */ = {
			isa = XCBuildConfiguration;
			baseConfigurationReference = 013EB35B0DA1940D5EC4D43B /* Pods-Bridgefy.debug.xcconfig */;
			buildSettings = {
				ASSETCATALOG_COMPILER_APPICON_NAME = AppIcon;
				ASSETCATALOG_COMPILER_GLOBAL_ACCENT_COLOR_NAME = AccentColor;
				CODE_SIGN_STYLE = Automatic;
				CURRENT_PROJECT_VERSION = 1;
				DEVELOPMENT_TEAM = P2383NQUW7;
				GENERATE_INFOPLIST_FILE = YES;
				INFOPLIST_FILE = Bridgefy/Info.plist;
				INFOPLIST_KEY_UIApplicationSupportsIndirectInputEvents = YES;
				INFOPLIST_KEY_UILaunchStoryboardName = LaunchScreen;
				INFOPLIST_KEY_UIMainStoryboardFile = Main;
				INFOPLIST_KEY_UISupportedInterfaceOrientations_iPad = "UIInterfaceOrientationPortrait UIInterfaceOrientationPortraitUpsideDown UIInterfaceOrientationLandscapeLeft UIInterfaceOrientationLandscapeRight";
				INFOPLIST_KEY_UISupportedInterfaceOrientations_iPhone = "UIInterfaceOrientationPortrait UIInterfaceOrientationLandscapeLeft UIInterfaceOrientationLandscapeRight";
				LD_RUNPATH_SEARCH_PATHS = (
					"$(inherited)",
					"@executable_path/Frameworks",
				);
				MARKETING_VERSION = 1.0;
				PRODUCT_BUNDLE_IDENTIFIER = jairo.bridefy.com.Bridgefy;
				PRODUCT_NAME = "$(TARGET_NAME)";
				SWIFT_EMIT_LOC_STRINGS = YES;
				SWIFT_VERSION = 5.0;
				TARGETED_DEVICE_FAMILY = "1,2";
			};
			name = Debug;
		};
		8B7AC6D728E271A8001BA1CF /* Release */ = {
			isa = XCBuildConfiguration;
			baseConfigurationReference = 3C1955C3E075C58038F56BCD /* Pods-Bridgefy.release.xcconfig */;
			buildSettings = {
				ASSETCATALOG_COMPILER_APPICON_NAME = AppIcon;
				ASSETCATALOG_COMPILER_GLOBAL_ACCENT_COLOR_NAME = AccentColor;
				CODE_SIGN_STYLE = Automatic;
				CURRENT_PROJECT_VERSION = 1;
				DEVELOPMENT_TEAM = P2383NQUW7;
				GENERATE_INFOPLIST_FILE = YES;
				INFOPLIST_FILE = Bridgefy/Info.plist;
				INFOPLIST_KEY_UIApplicationSupportsIndirectInputEvents = YES;
				INFOPLIST_KEY_UILaunchStoryboardName = LaunchScreen;
				INFOPLIST_KEY_UIMainStoryboardFile = Main;
				INFOPLIST_KEY_UISupportedInterfaceOrientations_iPad = "UIInterfaceOrientationPortrait UIInterfaceOrientationPortraitUpsideDown UIInterfaceOrientationLandscapeLeft UIInterfaceOrientationLandscapeRight";
				INFOPLIST_KEY_UISupportedInterfaceOrientations_iPhone = "UIInterfaceOrientationPortrait UIInterfaceOrientationLandscapeLeft UIInterfaceOrientationLandscapeRight";
				LD_RUNPATH_SEARCH_PATHS = (
					"$(inherited)",
					"@executable_path/Frameworks",
				);
				MARKETING_VERSION = 1.0;
				PRODUCT_BUNDLE_IDENTIFIER = jairo.bridefy.com.Bridgefy;
				PRODUCT_NAME = "$(TARGET_NAME)";
				SWIFT_EMIT_LOC_STRINGS = YES;
				SWIFT_VERSION = 5.0;
				TARGETED_DEVICE_FAMILY = "1,2";
			};
			name = Release;
		};
/* End XCBuildConfiguration section */

/* Begin XCConfigurationList section */
		8B7AC6B928E271A7001BA1CF /* Build configuration list for PBXProject "Bridgefy" */ = {
			isa = XCConfigurationList;
			buildConfigurations = (
				8B7AC6D328E271A8001BA1CF /* Debug */,
				8B7AC6D428E271A8001BA1CF /* Release */,
			);
			defaultConfigurationIsVisible = 0;
			defaultConfigurationName = Release;
		};
		8B7AC6D528E271A8001BA1CF /* Build configuration list for PBXNativeTarget "Bridgefy" */ = {
			isa = XCConfigurationList;
			buildConfigurations = (
				8B7AC6D628E271A8001BA1CF /* Debug */,
				8B7AC6D728E271A8001BA1CF /* Release */,
			);
			defaultConfigurationIsVisible = 0;
			defaultConfigurationName = Release;
		};
/* End XCConfigurationList section */

/* Begin XCVersionGroup section */
		8B7AC6CA28E271A7001BA1CF /* Bridgefy.xcdatamodeld */ = {
			isa = XCVersionGroup;
			children = (
				8B7AC6CB28E271A7001BA1CF /* Bridgefy.xcdatamodel */,
			);
			currentVersion = 8B7AC6CB28E271A7001BA1CF /* Bridgefy.xcdatamodel */;
			path = Bridgefy.xcdatamodeld;
			sourceTree = "<group>";
			versionGroupType = wrapper.xcdatamodel;
		};
/* End XCVersionGroup section */
	};
	rootObject = 8B7AC6B628E271A7001BA1CF /* Project object */;
}
